
Microsoft Visual Studio Solution File, Format Version 12.00
# Visual Studio 2013
VisualStudioVersion = 12.0.21005.1
MinimumVisualStudioVersion = 10.0.40219.1
Project("{FAE04EC0-301F-11D3-BF4B-00C04F79EFBC}") = "Task02RegisterLogin", "Task02RegisterLogin\Task02RegisterLogin.csproj", "{8F8F51FC-21CB-4FEA-B023-5FC11910F783}"
EndProject
Project("{FAE04EC0-301F-11D3-BF4B-00C04F79EFBC}") = "Task03Products", "Task03Products\Task03Products.csproj", "{A2EF7F2A-AD1B-45CC-AB5E-649712C38607}"
EndProject
Global
	GlobalSection(SolutionConfigurationPlatforms) = preSolution
		Debug|Any CPU = Debug|Any CPU
		Release|Any CPU = Release|Any CPU
	EndGlobalSection
	GlobalSection(ProjectConfigurationPlatforms) = postSolution
		{8F8F51FC-21CB-4FEA-B023-5FC11910F783}.Debug|Any CPU.ActiveCfg = Debug|Any CPU
		{8F8F51FC-21CB-4FEA-B023-5FC11910F783}.Debug|Any CPU.Build.0 = Debug|Any CPU
		{8F8F51FC-21CB-4FEA-B023-5FC11910F783}.Release|Any CPU.ActiveCfg = Release|Any CPU
		{8F8F51FC-21CB-4FEA-B023-5FC11910F783}.Release|Any CPU.Build.0 = Release|Any CPU
		{A2EF7F2A-AD1B-45CC-AB5E-649712C38607}.Debug|Any CPU.ActiveCfg = Debug|Any CPU
		{A2EF7F2A-AD1B-45CC-AB5E-649712C38607}.Debug|Any CPU.Build.0 = Debug|Any CPU
		{A2EF7F2A-AD1B-45CC-AB5E-649712C38607}.Release|Any CPU.ActiveCfg = Release|Any CPU
		{A2EF7F2A-AD1B-45CC-AB5E-649712C38607}.Release|Any CPU.Build.0 = Release|Any CPU
	EndGlobalSection
	GlobalSection(SolutionProperties) = preSolution
		HideSolutionNode = FALSE
	EndGlobalSection
EndGlobal
