
Microsoft Visual Studio Solution File, Format Version 12.00
# Visual Studio 2013
VisualStudioVersion = 12.0.30723.0
MinimumVisualStudioVersion = 10.0.40219.1
Project("{FAE04EC0-301F-11D3-BF4B-00C04F79EFBC}") = "Task01Knapsack", "Task01Knapsack\Task01Knapsack.csproj", "{01DF9DC9-477B-46E6-810D-31DDFE22AB48}"
EndProject
Project("{FAE04EC0-301F-11D3-BF4B-00C04F79EFBC}") = "Task02MinimumEditDistance", "Task02MinimumEditDistance\Task02MinimumEditDistance.csproj", "{77372DE5-1030-4B8F-8A69-6E3AD9718D37}"
EndProject
Global
	GlobalSection(SolutionConfigurationPlatforms) = preSolution
		Debug|Any CPU = Debug|Any CPU
		Release|Any CPU = Release|Any CPU
	EndGlobalSection
	GlobalSection(ProjectConfigurationPlatforms) = postSolution
		{01DF9DC9-477B-46E6-810D-31DDFE22AB48}.Debug|Any CPU.ActiveCfg = Debug|Any CPU
		{01DF9DC9-477B-46E6-810D-31DDFE22AB48}.Debug|Any CPU.Build.0 = Debug|Any CPU
		{01DF9DC9-477B-46E6-810D-31DDFE22AB48}.Release|Any CPU.ActiveCfg = Release|Any CPU
		{01DF9DC9-477B-46E6-810D-31DDFE22AB48}.Release|Any CPU.Build.0 = Release|Any CPU
		{77372DE5-1030-4B8F-8A69-6E3AD9718D37}.Debug|Any CPU.ActiveCfg = Debug|Any CPU
		{77372DE5-1030-4B8F-8A69-6E3AD9718D37}.Debug|Any CPU.Build.0 = Debug|Any CPU
		{77372DE5-1030-4B8F-8A69-6E3AD9718D37}.Release|Any CPU.ActiveCfg = Release|Any CPU
		{77372DE5-1030-4B8F-8A69-6E3AD9718D37}.Release|Any CPU.Build.0 = Release|Any CPU
	EndGlobalSection
	GlobalSection(SolutionProperties) = preSolution
		HideSolutionNode = FALSE
	EndGlobalSection
EndGlobal
