
Microsoft Visual Studio Solution File, Format Version 12.00
# Visual Studio 2013
VisualStudioVersion = 12.0.30723.0
MinimumVisualStudioVersion = 10.0.40219.1
Project("{FAE04EC0-301F-11D3-BF4B-00C04F79EFBC}") = "Task01DayOfWeekInBulgarian", "Task01DayOfWeekInBulgarian\Task01DayOfWeekInBulgarian.csproj", "{D351AC2C-F6AE-4476-8008-002F6E997AFD}"
EndProject
Project("{FAE04EC0-301F-11D3-BF4B-00C04F79EFBC}") = "Task02DayOfWeekInBulgarian.Client", "Task02DayOfWeekInBulgarian.Client\Task02DayOfWeekInBulgarian.Client.csproj", "{09ED9124-401D-4EC8-AEED-8283B54E134C}"
	ProjectSection(ProjectDependencies) = postProject
		{D351AC2C-F6AE-4476-8008-002F6E997AFD} = {D351AC2C-F6AE-4476-8008-002F6E997AFD}
	EndProjectSection
EndProject
Project("{FAE04EC0-301F-11D3-BF4B-00C04F79EFBC}") = "Task03StringOccurrenceService", "Task03StringOccurrenceService\Task03StringOccurrenceService.csproj", "{B50F1968-6707-4BC3-B458-0F22FD8D8327}"
EndProject
Project("{FAE04EC0-301F-11D3-BF4B-00C04F79EFBC}") = "Task04StringOccurrenceHost", "Task04StringOccurrenceHost\Task04StringOccurrenceHost.csproj", "{75ACFA7C-18C6-4211-ABA2-3BDD1187F44E}"
EndProject
Project("{FAE04EC0-301F-11D3-BF4B-00C04F79EFBC}") = "Task05StringOccurrenceService.Client", "Task05StringOccurrenceService.Client\Task05StringOccurrenceService.Client.csproj", "{C127F364-65BB-4EAA-BF45-AFA0B576FC1E}"
EndProject
Global
	GlobalSection(SolutionConfigurationPlatforms) = preSolution
		Debug|Any CPU = Debug|Any CPU
		Release|Any CPU = Release|Any CPU
	EndGlobalSection
	GlobalSection(ProjectConfigurationPlatforms) = postSolution
		{D351AC2C-F6AE-4476-8008-002F6E997AFD}.Debug|Any CPU.ActiveCfg = Debug|Any CPU
		{D351AC2C-F6AE-4476-8008-002F6E997AFD}.Debug|Any CPU.Build.0 = Debug|Any CPU
		{D351AC2C-F6AE-4476-8008-002F6E997AFD}.Release|Any CPU.ActiveCfg = Release|Any CPU
		{D351AC2C-F6AE-4476-8008-002F6E997AFD}.Release|Any CPU.Build.0 = Release|Any CPU
		{09ED9124-401D-4EC8-AEED-8283B54E134C}.Debug|Any CPU.ActiveCfg = Debug|Any CPU
		{09ED9124-401D-4EC8-AEED-8283B54E134C}.Debug|Any CPU.Build.0 = Debug|Any CPU
		{09ED9124-401D-4EC8-AEED-8283B54E134C}.Release|Any CPU.ActiveCfg = Release|Any CPU
		{09ED9124-401D-4EC8-AEED-8283B54E134C}.Release|Any CPU.Build.0 = Release|Any CPU
		{B50F1968-6707-4BC3-B458-0F22FD8D8327}.Debug|Any CPU.ActiveCfg = Debug|Any CPU
		{B50F1968-6707-4BC3-B458-0F22FD8D8327}.Debug|Any CPU.Build.0 = Debug|Any CPU
		{B50F1968-6707-4BC3-B458-0F22FD8D8327}.Release|Any CPU.ActiveCfg = Release|Any CPU
		{B50F1968-6707-4BC3-B458-0F22FD8D8327}.Release|Any CPU.Build.0 = Release|Any CPU
		{75ACFA7C-18C6-4211-ABA2-3BDD1187F44E}.Debug|Any CPU.ActiveCfg = Debug|Any CPU
		{75ACFA7C-18C6-4211-ABA2-3BDD1187F44E}.Debug|Any CPU.Build.0 = Debug|Any CPU
		{75ACFA7C-18C6-4211-ABA2-3BDD1187F44E}.Release|Any CPU.ActiveCfg = Release|Any CPU
		{75ACFA7C-18C6-4211-ABA2-3BDD1187F44E}.Release|Any CPU.Build.0 = Release|Any CPU
		{C127F364-65BB-4EAA-BF45-AFA0B576FC1E}.Debug|Any CPU.ActiveCfg = Debug|Any CPU
		{C127F364-65BB-4EAA-BF45-AFA0B576FC1E}.Debug|Any CPU.Build.0 = Debug|Any CPU
		{C127F364-65BB-4EAA-BF45-AFA0B576FC1E}.Release|Any CPU.ActiveCfg = Release|Any CPU
		{C127F364-65BB-4EAA-BF45-AFA0B576FC1E}.Release|Any CPU.Build.0 = Release|Any CPU
	EndGlobalSection
	GlobalSection(SolutionProperties) = preSolution
		HideSolutionNode = FALSE
	EndGlobalSection
EndGlobal
