
Microsoft Visual Studio Solution File, Format Version 12.00
# Visual Studio 2013
VisualStudioVersion = 12.0.30501.0
MinimumVisualStudioVersion = 10.0.40219.1
Project("{FAE04EC0-301F-11D3-BF4B-00C04F79EFBC}") = "Task01SampleGraphics", "Task01SampleGraphics\Task01SampleGraphics.csproj", "{706AAC6E-447D-48B4-A7B4-AD7243022265}"
EndProject
Project("{FAE04EC0-301F-11D3-BF4B-00C04F79EFBC}") = "Task02FlyingBallInBox", "Task02FlyingBallInBox\Task02FlyingBallInBox.csproj", "{478BF0BC-0999-4A4A-B048-80EF010BE102}"
EndProject
Project("{FAE04EC0-301F-11D3-BF4B-00C04F79EFBC}") = "Task03Snake", "Task03Snake\Task03Snake.csproj", "{4A52E540-D5F9-44B4-ACE2-F1A198206E42}"
EndProject
Global
	GlobalSection(SolutionConfigurationPlatforms) = preSolution
		Debug|Any CPU = Debug|Any CPU
		Release|Any CPU = Release|Any CPU
	EndGlobalSection
	GlobalSection(ProjectConfigurationPlatforms) = postSolution
		{706AAC6E-447D-48B4-A7B4-AD7243022265}.Debug|Any CPU.ActiveCfg = Debug|Any CPU
		{706AAC6E-447D-48B4-A7B4-AD7243022265}.Debug|Any CPU.Build.0 = Debug|Any CPU
		{706AAC6E-447D-48B4-A7B4-AD7243022265}.Release|Any CPU.ActiveCfg = Release|Any CPU
		{706AAC6E-447D-48B4-A7B4-AD7243022265}.Release|Any CPU.Build.0 = Release|Any CPU
		{478BF0BC-0999-4A4A-B048-80EF010BE102}.Debug|Any CPU.ActiveCfg = Debug|Any CPU
		{478BF0BC-0999-4A4A-B048-80EF010BE102}.Debug|Any CPU.Build.0 = Debug|Any CPU
		{478BF0BC-0999-4A4A-B048-80EF010BE102}.Release|Any CPU.ActiveCfg = Release|Any CPU
		{478BF0BC-0999-4A4A-B048-80EF010BE102}.Release|Any CPU.Build.0 = Release|Any CPU
		{4A52E540-D5F9-44B4-ACE2-F1A198206E42}.Debug|Any CPU.ActiveCfg = Debug|Any CPU
		{4A52E540-D5F9-44B4-ACE2-F1A198206E42}.Debug|Any CPU.Build.0 = Debug|Any CPU
		{4A52E540-D5F9-44B4-ACE2-F1A198206E42}.Release|Any CPU.ActiveCfg = Release|Any CPU
		{4A52E540-D5F9-44B4-ACE2-F1A198206E42}.Release|Any CPU.Build.0 = Release|Any CPU
	EndGlobalSection
	GlobalSection(SolutionProperties) = preSolution
		HideSolutionNode = FALSE
	EndGlobalSection
EndGlobal
