
Microsoft Visual Studio Solution File, Format Version 12.00
# Visual Studio 2013
VisualStudioVersion = 12.0.30501.0
MinimumVisualStudioVersion = 10.0.40219.1
Project("{FAE04EC0-301F-11D3-BF4B-00C04F79EFBC}") = "Task01TelerikLogo", "Task01TelerikLogo\Task01TelerikLogo.csproj", "{E58EB0CE-1EE3-4D77-8F6A-A1449A36D081}"
EndProject
Project("{FAE04EC0-301F-11D3-BF4B-00C04F79EFBC}") = "Task02ArchimedesSpiral", "Task02ArchimedesSpiral\Task02ArchimedesSpiral.csproj", "{7CCE684F-069A-47C7-B9F3-DC011E640C3E}"
EndProject
Global
	GlobalSection(SolutionConfigurationPlatforms) = preSolution
		Debug|Any CPU = Debug|Any CPU
		Release|Any CPU = Release|Any CPU
	EndGlobalSection
	GlobalSection(ProjectConfigurationPlatforms) = postSolution
		{E58EB0CE-1EE3-4D77-8F6A-A1449A36D081}.Debug|Any CPU.ActiveCfg = Debug|Any CPU
		{E58EB0CE-1EE3-4D77-8F6A-A1449A36D081}.Debug|Any CPU.Build.0 = Debug|Any CPU
		{E58EB0CE-1EE3-4D77-8F6A-A1449A36D081}.Release|Any CPU.ActiveCfg = Release|Any CPU
		{E58EB0CE-1EE3-4D77-8F6A-A1449A36D081}.Release|Any CPU.Build.0 = Release|Any CPU
		{7CCE684F-069A-47C7-B9F3-DC011E640C3E}.Debug|Any CPU.ActiveCfg = Debug|Any CPU
		{7CCE684F-069A-47C7-B9F3-DC011E640C3E}.Debug|Any CPU.Build.0 = Debug|Any CPU
		{7CCE684F-069A-47C7-B9F3-DC011E640C3E}.Release|Any CPU.ActiveCfg = Release|Any CPU
		{7CCE684F-069A-47C7-B9F3-DC011E640C3E}.Release|Any CPU.Build.0 = Release|Any CPU
	EndGlobalSection
	GlobalSection(SolutionProperties) = preSolution
		HideSolutionNode = FALSE
	EndGlobalSection
EndGlobal
