
Microsoft Visual Studio Solution File, Format Version 12.00
# Visual Studio 2013
VisualStudioVersion = 12.0.30110.0
MinimumVisualStudioVersion = 10.0.40219.1
Project("{FAE04EC0-301F-11D3-BF4B-00C04F79EFBC}") = "Task01PrintAllNumbersInInterval", "Task01PrintAllNumbersInInterval\Task01PrintAllNumbersInInterval.csproj", "{8FF33EF5-CD14-421A-8754-C49BCDE53B16}"
EndProject
Project("{FAE04EC0-301F-11D3-BF4B-00C04F79EFBC}") = "Task02NotDivisibleNumbers", "Task02NotDivisibleNumbers\Task02NotDivisibleNumbers.csproj", "{4E44C60F-B686-4B27-883B-09F8AFE6C161}"
EndProject
Project("{FAE04EC0-301F-11D3-BF4B-00C04F79EFBC}") = "Task03MinAndMaxNumber", "Task03MinAndMaxNumber\Task03MinAndMaxNumber.csproj", "{D0B1FC58-923B-4E80-9BE0-702467018C61}"
EndProject
Project("{FAE04EC0-301F-11D3-BF4B-00C04F79EFBC}") = "Task04Lexigraphically", "Task04Lexigraphically\Task04Lexigraphically.csproj", "{5B59ADC6-3268-4658-8C33-43F3A6808D54}"
EndProject
Global
	GlobalSection(SolutionConfigurationPlatforms) = preSolution
		Debug|Any CPU = Debug|Any CPU
		Release|Any CPU = Release|Any CPU
	EndGlobalSection
	GlobalSection(ProjectConfigurationPlatforms) = postSolution
		{8FF33EF5-CD14-421A-8754-C49BCDE53B16}.Debug|Any CPU.ActiveCfg = Debug|Any CPU
		{8FF33EF5-CD14-421A-8754-C49BCDE53B16}.Debug|Any CPU.Build.0 = Debug|Any CPU
		{8FF33EF5-CD14-421A-8754-C49BCDE53B16}.Release|Any CPU.ActiveCfg = Release|Any CPU
		{8FF33EF5-CD14-421A-8754-C49BCDE53B16}.Release|Any CPU.Build.0 = Release|Any CPU
		{4E44C60F-B686-4B27-883B-09F8AFE6C161}.Debug|Any CPU.ActiveCfg = Debug|Any CPU
		{4E44C60F-B686-4B27-883B-09F8AFE6C161}.Debug|Any CPU.Build.0 = Debug|Any CPU
		{4E44C60F-B686-4B27-883B-09F8AFE6C161}.Release|Any CPU.ActiveCfg = Release|Any CPU
		{4E44C60F-B686-4B27-883B-09F8AFE6C161}.Release|Any CPU.Build.0 = Release|Any CPU
		{D0B1FC58-923B-4E80-9BE0-702467018C61}.Debug|Any CPU.ActiveCfg = Debug|Any CPU
		{D0B1FC58-923B-4E80-9BE0-702467018C61}.Debug|Any CPU.Build.0 = Debug|Any CPU
		{D0B1FC58-923B-4E80-9BE0-702467018C61}.Release|Any CPU.ActiveCfg = Release|Any CPU
		{D0B1FC58-923B-4E80-9BE0-702467018C61}.Release|Any CPU.Build.0 = Release|Any CPU
		{5B59ADC6-3268-4658-8C33-43F3A6808D54}.Debug|Any CPU.ActiveCfg = Debug|Any CPU
		{5B59ADC6-3268-4658-8C33-43F3A6808D54}.Debug|Any CPU.Build.0 = Debug|Any CPU
		{5B59ADC6-3268-4658-8C33-43F3A6808D54}.Release|Any CPU.ActiveCfg = Release|Any CPU
		{5B59ADC6-3268-4658-8C33-43F3A6808D54}.Release|Any CPU.Build.0 = Release|Any CPU
	EndGlobalSection
	GlobalSection(SolutionProperties) = preSolution
		HideSolutionNode = FALSE
	EndGlobalSection
EndGlobal
