
Microsoft Visual Studio Solution File, Format Version 12.00
# Visual Studio 2013
VisualStudioVersion = 12.0.30723.0
MinimumVisualStudioVersion = 10.0.40219.1
Project("{FAE04EC0-301F-11D3-BF4B-00C04F79EFBC}") = "Task01MusicCatalogue", "Task01MusicCatalogue\Task01MusicCatalogue.csproj", "{EC6B350F-2168-4684-9AC8-0896921849A6}"
EndProject
Project("{FAE04EC0-301F-11D3-BF4B-00C04F79EFBC}") = "Task02ExtractArtists", "Task02ExtractArtists\Task02ExtractArtists.csproj", "{70132E81-F0C5-4A68-AF78-8F6DD6C2BB5E}"
EndProject
Project("{FAE04EC0-301F-11D3-BF4B-00C04F79EFBC}") = "Task03ExtractWithXPath", "Task03ExtractWithXPath\Task03ExtractWithXPath.csproj", "{49EF3E98-5794-4841-A1AC-B4D9ACF2977B}"
EndProject
Project("{FAE04EC0-301F-11D3-BF4B-00C04F79EFBC}") = "Task04DeleteExpensiveAlbums", "Task04DeleteExpensiveAlbums\Task04DeleteExpensiveAlbums.csproj", "{AC4600A5-C928-4E36-8363-7EAAFBF25688}"
EndProject
Project("{FAE04EC0-301F-11D3-BF4B-00C04F79EFBC}") = "Task05ExtractSongs", "Task05ExtractSongs\Task05ExtractSongs.csproj", "{DED272D1-8C4A-492D-998D-B77A49A6A431}"
EndProject
Project("{FAE04EC0-301F-11D3-BF4B-00C04F79EFBC}") = "Task06ExtractSongsWithLinq", "Task06ExtractSongsWithLinq\Task06ExtractSongsWithLinq.csproj", "{845B6FAA-3A6A-434A-8A98-F9D123DF2E71}"
EndProject
Project("{FAE04EC0-301F-11D3-BF4B-00C04F79EFBC}") = "Task07XMLCreation", "Task07XMLCreation\Task07XMLCreation.csproj", "{6F1632DF-3623-4FEE-A449-63312C20D3ED}"
EndProject
Project("{FAE04EC0-301F-11D3-BF4B-00C04F79EFBC}") = "Task08CreateAlbum", "Task08CreateAlbum\Task08CreateAlbum.csproj", "{03D91355-F2EC-41AE-AF6B-D566AA2194A2}"
EndProject
Project("{FAE04EC0-301F-11D3-BF4B-00C04F79EFBC}") = "Task09TraverseDirectories", "Task09TraverseDirectories\Task09TraverseDirectories.csproj", "{8A6DD3F2-689D-49E5-A85D-C19F89B89D7D}"
EndProject
Global
	GlobalSection(SolutionConfigurationPlatforms) = preSolution
		Debug|Any CPU = Debug|Any CPU
		Release|Any CPU = Release|Any CPU
	EndGlobalSection
	GlobalSection(ProjectConfigurationPlatforms) = postSolution
		{EC6B350F-2168-4684-9AC8-0896921849A6}.Debug|Any CPU.ActiveCfg = Debug|Any CPU
		{EC6B350F-2168-4684-9AC8-0896921849A6}.Debug|Any CPU.Build.0 = Debug|Any CPU
		{EC6B350F-2168-4684-9AC8-0896921849A6}.Release|Any CPU.ActiveCfg = Release|Any CPU
		{EC6B350F-2168-4684-9AC8-0896921849A6}.Release|Any CPU.Build.0 = Release|Any CPU
		{70132E81-F0C5-4A68-AF78-8F6DD6C2BB5E}.Debug|Any CPU.ActiveCfg = Debug|Any CPU
		{70132E81-F0C5-4A68-AF78-8F6DD6C2BB5E}.Debug|Any CPU.Build.0 = Debug|Any CPU
		{70132E81-F0C5-4A68-AF78-8F6DD6C2BB5E}.Release|Any CPU.ActiveCfg = Release|Any CPU
		{70132E81-F0C5-4A68-AF78-8F6DD6C2BB5E}.Release|Any CPU.Build.0 = Release|Any CPU
		{49EF3E98-5794-4841-A1AC-B4D9ACF2977B}.Debug|Any CPU.ActiveCfg = Debug|Any CPU
		{49EF3E98-5794-4841-A1AC-B4D9ACF2977B}.Debug|Any CPU.Build.0 = Debug|Any CPU
		{49EF3E98-5794-4841-A1AC-B4D9ACF2977B}.Release|Any CPU.ActiveCfg = Release|Any CPU
		{49EF3E98-5794-4841-A1AC-B4D9ACF2977B}.Release|Any CPU.Build.0 = Release|Any CPU
		{AC4600A5-C928-4E36-8363-7EAAFBF25688}.Debug|Any CPU.ActiveCfg = Debug|Any CPU
		{AC4600A5-C928-4E36-8363-7EAAFBF25688}.Debug|Any CPU.Build.0 = Debug|Any CPU
		{AC4600A5-C928-4E36-8363-7EAAFBF25688}.Release|Any CPU.ActiveCfg = Release|Any CPU
		{AC4600A5-C928-4E36-8363-7EAAFBF25688}.Release|Any CPU.Build.0 = Release|Any CPU
		{DED272D1-8C4A-492D-998D-B77A49A6A431}.Debug|Any CPU.ActiveCfg = Debug|Any CPU
		{DED272D1-8C4A-492D-998D-B77A49A6A431}.Debug|Any CPU.Build.0 = Debug|Any CPU
		{DED272D1-8C4A-492D-998D-B77A49A6A431}.Release|Any CPU.ActiveCfg = Release|Any CPU
		{DED272D1-8C4A-492D-998D-B77A49A6A431}.Release|Any CPU.Build.0 = Release|Any CPU
		{845B6FAA-3A6A-434A-8A98-F9D123DF2E71}.Debug|Any CPU.ActiveCfg = Debug|Any CPU
		{845B6FAA-3A6A-434A-8A98-F9D123DF2E71}.Debug|Any CPU.Build.0 = Debug|Any CPU
		{845B6FAA-3A6A-434A-8A98-F9D123DF2E71}.Release|Any CPU.ActiveCfg = Release|Any CPU
		{845B6FAA-3A6A-434A-8A98-F9D123DF2E71}.Release|Any CPU.Build.0 = Release|Any CPU
		{6F1632DF-3623-4FEE-A449-63312C20D3ED}.Debug|Any CPU.ActiveCfg = Debug|Any CPU
		{6F1632DF-3623-4FEE-A449-63312C20D3ED}.Debug|Any CPU.Build.0 = Debug|Any CPU
		{6F1632DF-3623-4FEE-A449-63312C20D3ED}.Release|Any CPU.ActiveCfg = Release|Any CPU
		{6F1632DF-3623-4FEE-A449-63312C20D3ED}.Release|Any CPU.Build.0 = Release|Any CPU
		{03D91355-F2EC-41AE-AF6B-D566AA2194A2}.Debug|Any CPU.ActiveCfg = Debug|Any CPU
		{03D91355-F2EC-41AE-AF6B-D566AA2194A2}.Debug|Any CPU.Build.0 = Debug|Any CPU
		{03D91355-F2EC-41AE-AF6B-D566AA2194A2}.Release|Any CPU.ActiveCfg = Release|Any CPU
		{03D91355-F2EC-41AE-AF6B-D566AA2194A2}.Release|Any CPU.Build.0 = Release|Any CPU
		{8A6DD3F2-689D-49E5-A85D-C19F89B89D7D}.Debug|Any CPU.ActiveCfg = Debug|Any CPU
		{8A6DD3F2-689D-49E5-A85D-C19F89B89D7D}.Debug|Any CPU.Build.0 = Debug|Any CPU
		{8A6DD3F2-689D-49E5-A85D-C19F89B89D7D}.Release|Any CPU.ActiveCfg = Release|Any CPU
		{8A6DD3F2-689D-49E5-A85D-C19F89B89D7D}.Release|Any CPU.Build.0 = Release|Any CPU
	EndGlobalSection
	GlobalSection(SolutionProperties) = preSolution
		HideSolutionNode = FALSE
	EndGlobalSection
EndGlobal
