
Microsoft Visual Studio Solution File, Format Version 12.00
# Visual Studio 2013
VisualStudioVersion = 12.0.30110.0
MinimumVisualStudioVersion = 10.0.40219.1
Project("{FAE04EC0-301F-11D3-BF4B-00C04F79EFBC}") = "Task01SinglePage", "Task01SinglePage\Task01SinglePage.csproj", "{8E405E54-B6AF-47A3-A46E-9F1F46DE37BC}"
EndProject
Project("{FAE04EC0-301F-11D3-BF4B-00C04F79EFBC}") = "Task02TelerikPresentationPage", "Task02TelerikPresentationPage\Task02TelerikPresentationPage.csproj", "{77AEE1B1-C2F8-4884-B8C0-1A130B4646FD}"
EndProject
Project("{FAE04EC0-301F-11D3-BF4B-00C04F79EFBC}") = "Task03Leaflet", "Task03Leaflet\Task03Leaflet.csproj", "{AFA5EA26-A8A1-4850-87C0-131A1468CD47}"
EndProject
Global
	GlobalSection(SolutionConfigurationPlatforms) = preSolution
		Debug|Any CPU = Debug|Any CPU
		Release|Any CPU = Release|Any CPU
	EndGlobalSection
	GlobalSection(ProjectConfigurationPlatforms) = postSolution
		{8E405E54-B6AF-47A3-A46E-9F1F46DE37BC}.Debug|Any CPU.ActiveCfg = Debug|Any CPU
		{8E405E54-B6AF-47A3-A46E-9F1F46DE37BC}.Debug|Any CPU.Build.0 = Debug|Any CPU
		{8E405E54-B6AF-47A3-A46E-9F1F46DE37BC}.Release|Any CPU.ActiveCfg = Release|Any CPU
		{8E405E54-B6AF-47A3-A46E-9F1F46DE37BC}.Release|Any CPU.Build.0 = Release|Any CPU
		{77AEE1B1-C2F8-4884-B8C0-1A130B4646FD}.Debug|Any CPU.ActiveCfg = Debug|Any CPU
		{77AEE1B1-C2F8-4884-B8C0-1A130B4646FD}.Debug|Any CPU.Build.0 = Debug|Any CPU
		{77AEE1B1-C2F8-4884-B8C0-1A130B4646FD}.Release|Any CPU.ActiveCfg = Release|Any CPU
		{77AEE1B1-C2F8-4884-B8C0-1A130B4646FD}.Release|Any CPU.Build.0 = Release|Any CPU
		{AFA5EA26-A8A1-4850-87C0-131A1468CD47}.Debug|Any CPU.ActiveCfg = Debug|Any CPU
		{AFA5EA26-A8A1-4850-87C0-131A1468CD47}.Debug|Any CPU.Build.0 = Debug|Any CPU
		{AFA5EA26-A8A1-4850-87C0-131A1468CD47}.Release|Any CPU.ActiveCfg = Release|Any CPU
		{AFA5EA26-A8A1-4850-87C0-131A1468CD47}.Release|Any CPU.Build.0 = Release|Any CPU
	EndGlobalSection
	GlobalSection(SolutionProperties) = preSolution
		HideSolutionNode = FALSE
	EndGlobalSection
EndGlobal
