
Microsoft Visual Studio Solution File, Format Version 12.00
# Visual Studio 2012
Project("{FAE04EC0-301F-11D3-BF4B-00C04F79EFBC}") = "Task01School", "Task01School\Task01School.csproj", "{BDA5505B-C9FA-4320-86EF-08C4AA533BAD}"
EndProject
Project("{FAE04EC0-301F-11D3-BF4B-00C04F79EFBC}") = "Task02AbstractPractice", "Task02AbstractPractice\Task02AbstractPractice.csproj", "{EFE2A8E7-4137-441A-83E8-98577F877F6D}"
EndProject
Project("{FAE04EC0-301F-11D3-BF4B-00C04F79EFBC}") = "Task03Zoo", "Task03Zoo\Task03Zoo.csproj", "{C71B6239-B54E-4366-8256-5A85D3F5D4A2}"
EndProject
Global
	GlobalSection(SolutionConfigurationPlatforms) = preSolution
		Debug|Any CPU = Debug|Any CPU
		Release|Any CPU = Release|Any CPU
	EndGlobalSection
	GlobalSection(ProjectConfigurationPlatforms) = postSolution
		{BDA5505B-C9FA-4320-86EF-08C4AA533BAD}.Debug|Any CPU.ActiveCfg = Debug|Any CPU
		{BDA5505B-C9FA-4320-86EF-08C4AA533BAD}.Debug|Any CPU.Build.0 = Debug|Any CPU
		{BDA5505B-C9FA-4320-86EF-08C4AA533BAD}.Release|Any CPU.ActiveCfg = Release|Any CPU
		{BDA5505B-C9FA-4320-86EF-08C4AA533BAD}.Release|Any CPU.Build.0 = Release|Any CPU
		{EFE2A8E7-4137-441A-83E8-98577F877F6D}.Debug|Any CPU.ActiveCfg = Debug|Any CPU
		{EFE2A8E7-4137-441A-83E8-98577F877F6D}.Debug|Any CPU.Build.0 = Debug|Any CPU
		{EFE2A8E7-4137-441A-83E8-98577F877F6D}.Release|Any CPU.ActiveCfg = Release|Any CPU
		{EFE2A8E7-4137-441A-83E8-98577F877F6D}.Release|Any CPU.Build.0 = Release|Any CPU
		{C71B6239-B54E-4366-8256-5A85D3F5D4A2}.Debug|Any CPU.ActiveCfg = Debug|Any CPU
		{C71B6239-B54E-4366-8256-5A85D3F5D4A2}.Debug|Any CPU.Build.0 = Debug|Any CPU
		{C71B6239-B54E-4366-8256-5A85D3F5D4A2}.Release|Any CPU.ActiveCfg = Release|Any CPU
		{C71B6239-B54E-4366-8256-5A85D3F5D4A2}.Release|Any CPU.Build.0 = Release|Any CPU
	EndGlobalSection
	GlobalSection(SolutionProperties) = preSolution
		HideSolutionNode = FALSE
	EndGlobalSection
EndGlobal
