
Microsoft Visual Studio Solution File, Format Version 12.00
# Visual Studio 2013
VisualStudioVersion = 12.0.30723.0
MinimumVisualStudioVersion = 10.0.40219.1
Project("{FAE04EC0-301F-11D3-BF4B-00C04F79EFBC}") = "BullsAndCows.Web", "BullsAndCows.Web\BullsAndCows.Web.csproj", "{74964B39-42A1-4099-9797-3F76B410745A}"
EndProject
Project("{FAE04EC0-301F-11D3-BF4B-00C04F79EFBC}") = "BullsAndCows.Data", "BullsAndCows.Data\BullsAndCows.Data.csproj", "{D92C12E8-4013-4D8E-97FD-7042A0922A14}"
EndProject
Project("{FAE04EC0-301F-11D3-BF4B-00C04F79EFBC}") = "BullsAndCows.Models", "BullsAndCows.Models\BullsAndCows.Models.csproj", "{8C81269C-BCBE-4D9A-9041-080AFC48AEB5}"
EndProject
Global
	GlobalSection(SolutionConfigurationPlatforms) = preSolution
		Debug|Any CPU = Debug|Any CPU
		Release|Any CPU = Release|Any CPU
	EndGlobalSection
	GlobalSection(ProjectConfigurationPlatforms) = postSolution
		{74964B39-42A1-4099-9797-3F76B410745A}.Debug|Any CPU.ActiveCfg = Debug|Any CPU
		{74964B39-42A1-4099-9797-3F76B410745A}.Debug|Any CPU.Build.0 = Debug|Any CPU
		{74964B39-42A1-4099-9797-3F76B410745A}.Release|Any CPU.ActiveCfg = Release|Any CPU
		{74964B39-42A1-4099-9797-3F76B410745A}.Release|Any CPU.Build.0 = Release|Any CPU
		{D92C12E8-4013-4D8E-97FD-7042A0922A14}.Debug|Any CPU.ActiveCfg = Debug|Any CPU
		{D92C12E8-4013-4D8E-97FD-7042A0922A14}.Debug|Any CPU.Build.0 = Debug|Any CPU
		{D92C12E8-4013-4D8E-97FD-7042A0922A14}.Release|Any CPU.ActiveCfg = Release|Any CPU
		{D92C12E8-4013-4D8E-97FD-7042A0922A14}.Release|Any CPU.Build.0 = Release|Any CPU
		{8C81269C-BCBE-4D9A-9041-080AFC48AEB5}.Debug|Any CPU.ActiveCfg = Debug|Any CPU
		{8C81269C-BCBE-4D9A-9041-080AFC48AEB5}.Debug|Any CPU.Build.0 = Debug|Any CPU
		{8C81269C-BCBE-4D9A-9041-080AFC48AEB5}.Release|Any CPU.ActiveCfg = Release|Any CPU
		{8C81269C-BCBE-4D9A-9041-080AFC48AEB5}.Release|Any CPU.Build.0 = Release|Any CPU
	EndGlobalSection
	GlobalSection(SolutionProperties) = preSolution
		HideSolutionNode = FALSE
	EndGlobalSection
EndGlobal
