
Microsoft Visual Studio Solution File, Format Version 12.00
# Visual Studio 2013
VisualStudioVersion = 12.0.21005.1
MinimumVisualStudioVersion = 10.0.40219.1
Project("{FAE04EC0-301F-11D3-BF4B-00C04F79EFBC}") = "Task01TelerikPage", "Task01TelerikPage\Task01TelerikPage.csproj", "{0E323877-942A-45D2-A63A-B3401EACC86D}"
EndProject
Project("{FAE04EC0-301F-11D3-BF4B-00C04F79EFBC}") = "Task02AnimalsPage", "Task02AnimalsPage\Task02AnimalsPage.csproj", "{5E2D63B3-18CA-4DCC-B876-76E85D8E8497}"
EndProject
Global
	GlobalSection(SolutionConfigurationPlatforms) = preSolution
		Debug|Any CPU = Debug|Any CPU
		Release|Any CPU = Release|Any CPU
	EndGlobalSection
	GlobalSection(ProjectConfigurationPlatforms) = postSolution
		{0E323877-942A-45D2-A63A-B3401EACC86D}.Debug|Any CPU.ActiveCfg = Debug|Any CPU
		{0E323877-942A-45D2-A63A-B3401EACC86D}.Debug|Any CPU.Build.0 = Debug|Any CPU
		{0E323877-942A-45D2-A63A-B3401EACC86D}.Release|Any CPU.ActiveCfg = Release|Any CPU
		{0E323877-942A-45D2-A63A-B3401EACC86D}.Release|Any CPU.Build.0 = Release|Any CPU
		{5E2D63B3-18CA-4DCC-B876-76E85D8E8497}.Debug|Any CPU.ActiveCfg = Debug|Any CPU
		{5E2D63B3-18CA-4DCC-B876-76E85D8E8497}.Debug|Any CPU.Build.0 = Debug|Any CPU
		{5E2D63B3-18CA-4DCC-B876-76E85D8E8497}.Release|Any CPU.ActiveCfg = Release|Any CPU
		{5E2D63B3-18CA-4DCC-B876-76E85D8E8497}.Release|Any CPU.Build.0 = Release|Any CPU
	EndGlobalSection
	GlobalSection(SolutionProperties) = preSolution
		HideSolutionNode = FALSE
	EndGlobalSection
EndGlobal
