
Microsoft Visual Studio Solution File, Format Version 12.00
# Visual Studio 2013
VisualStudioVersion = 12.0.30723.0
MinimumVisualStudioVersion = 10.0.40219.1
Project("{FAE04EC0-301F-11D3-BF4B-00C04F79EFBC}") = "Task01BinaryPasswords", "Task01BinaryPasswords\Task01BinaryPasswords.csproj", "{E634437B-6102-4C04-B73F-3E2324D66EE1}"
EndProject
Project("{FAE04EC0-301F-11D3-BF4B-00C04F79EFBC}") = "Task02ColorfulRabbits", "Task02ColorfulRabbits\Task02ColorfulRabbits.csproj", "{CE1E592C-4BFD-404D-8BB1-D83F5D4C159D}"
EndProject
Project("{FAE04EC0-301F-11D3-BF4B-00C04F79EFBC}") = "Task03Divisors", "Task03Divisors\Task03Divisors.csproj", "{2FC9252D-D44C-4DC4-BBB2-0C0C6C0501A8}"
EndProject
Project("{FAE04EC0-301F-11D3-BF4B-00C04F79EFBC}") = "Task04ColorfulMarbels", "Task04ColorfulMarbels\Task04ColorfulMarbels.csproj", "{E4A36EDD-8FA0-42F6-9CA6-3A1EE22E3186}"
EndProject
Global
	GlobalSection(SolutionConfigurationPlatforms) = preSolution
		Debug|Any CPU = Debug|Any CPU
		Release|Any CPU = Release|Any CPU
	EndGlobalSection
	GlobalSection(ProjectConfigurationPlatforms) = postSolution
		{E634437B-6102-4C04-B73F-3E2324D66EE1}.Debug|Any CPU.ActiveCfg = Debug|Any CPU
		{E634437B-6102-4C04-B73F-3E2324D66EE1}.Debug|Any CPU.Build.0 = Debug|Any CPU
		{E634437B-6102-4C04-B73F-3E2324D66EE1}.Release|Any CPU.ActiveCfg = Release|Any CPU
		{E634437B-6102-4C04-B73F-3E2324D66EE1}.Release|Any CPU.Build.0 = Release|Any CPU
		{CE1E592C-4BFD-404D-8BB1-D83F5D4C159D}.Debug|Any CPU.ActiveCfg = Debug|Any CPU
		{CE1E592C-4BFD-404D-8BB1-D83F5D4C159D}.Debug|Any CPU.Build.0 = Debug|Any CPU
		{CE1E592C-4BFD-404D-8BB1-D83F5D4C159D}.Release|Any CPU.ActiveCfg = Release|Any CPU
		{CE1E592C-4BFD-404D-8BB1-D83F5D4C159D}.Release|Any CPU.Build.0 = Release|Any CPU
		{2FC9252D-D44C-4DC4-BBB2-0C0C6C0501A8}.Debug|Any CPU.ActiveCfg = Debug|Any CPU
		{2FC9252D-D44C-4DC4-BBB2-0C0C6C0501A8}.Debug|Any CPU.Build.0 = Debug|Any CPU
		{2FC9252D-D44C-4DC4-BBB2-0C0C6C0501A8}.Release|Any CPU.ActiveCfg = Release|Any CPU
		{2FC9252D-D44C-4DC4-BBB2-0C0C6C0501A8}.Release|Any CPU.Build.0 = Release|Any CPU
		{E4A36EDD-8FA0-42F6-9CA6-3A1EE22E3186}.Debug|Any CPU.ActiveCfg = Debug|Any CPU
		{E4A36EDD-8FA0-42F6-9CA6-3A1EE22E3186}.Debug|Any CPU.Build.0 = Debug|Any CPU
		{E4A36EDD-8FA0-42F6-9CA6-3A1EE22E3186}.Release|Any CPU.ActiveCfg = Release|Any CPU
		{E4A36EDD-8FA0-42F6-9CA6-3A1EE22E3186}.Release|Any CPU.Build.0 = Release|Any CPU
	EndGlobalSection
	GlobalSection(SolutionProperties) = preSolution
		HideSolutionNode = FALSE
	EndGlobalSection
EndGlobal
